
Microsoft Visual Studio Solution File, Format Version 12.00
# Visual Studio Version 16
VisualStudioVersion = 16.0.30114.105
MinimumVisualStudioVersion = 10.0.40219.1
Project("{FAE04EC0-301F-11D3-BF4B-00C04F79EFBC}") = "PIMWebMVC", "PIMWebMVC\PIMWebMVC.csproj", "{87DFFB14-AC1D-4ECD-9575-3F9705BCF39E}"
EndProject
Project("{FAE04EC0-301F-11D3-BF4B-00C04F79EFBC}") = "PIM.Data", "PIM.Object\PIM.Data.csproj", "{B0177579-9F5F-4338-BE23-FE088D3898E4}"
EndProject
Project("{FAE04EC0-301F-11D3-BF4B-00C04F79EFBC}") = "PIM.Common", "PIM.Common\PIM.Common.csproj", "{DF567E5B-A328-4027-9091-9B395445B45E}"
EndProject
Global
	GlobalSection(SolutionConfigurationPlatforms) = preSolution
		Debug|Any CPU = Debug|Any CPU
		Release|Any CPU = Release|Any CPU
	EndGlobalSection
	GlobalSection(ProjectConfigurationPlatforms) = postSolution
		{87DFFB14-AC1D-4ECD-9575-3F9705BCF39E}.Debug|Any CPU.ActiveCfg = Debug|Any CPU
		{87DFFB14-AC1D-4ECD-9575-3F9705BCF39E}.Debug|Any CPU.Build.0 = Debug|Any CPU
		{87DFFB14-AC1D-4ECD-9575-3F9705BCF39E}.Release|Any CPU.ActiveCfg = Release|Any CPU
		{87DFFB14-AC1D-4ECD-9575-3F9705BCF39E}.Release|Any CPU.Build.0 = Release|Any CPU
		{B0177579-9F5F-4338-BE23-FE088D3898E4}.Debug|Any CPU.ActiveCfg = Debug|Any CPU
		{B0177579-9F5F-4338-BE23-FE088D3898E4}.Debug|Any CPU.Build.0 = Debug|Any CPU
		{B0177579-9F5F-4338-BE23-FE088D3898E4}.Release|Any CPU.ActiveCfg = Release|Any CPU
		{B0177579-9F5F-4338-BE23-FE088D3898E4}.Release|Any CPU.Build.0 = Release|Any CPU
		{DF567E5B-A328-4027-9091-9B395445B45E}.Debug|Any CPU.ActiveCfg = Debug|Any CPU
		{DF567E5B-A328-4027-9091-9B395445B45E}.Debug|Any CPU.Build.0 = Debug|Any CPU
		{DF567E5B-A328-4027-9091-9B395445B45E}.Release|Any CPU.ActiveCfg = Release|Any CPU
		{DF567E5B-A328-4027-9091-9B395445B45E}.Release|Any CPU.Build.0 = Release|Any CPU
	EndGlobalSection
	GlobalSection(SolutionProperties) = preSolution
		HideSolutionNode = FALSE
	EndGlobalSection
	GlobalSection(ExtensibilityGlobals) = postSolution
		SolutionGuid = {789FBA9E-697A-48B1-9F70-FB09DA14897A}
	EndGlobalSection
EndGlobal
